github.com/keybase/go-codec v0.0.0-20180928230036-164397562123 h1:yg56lYPqh9suJepqxOMd/liFgU/x+maRPiB30JNYykM=
github.com/keybase/go-codec v0.0.0-20180928230036-164397562123/go.mod h1:r/eVVWCngg6TsFV/3HuS9sWhDkAzGG8mXhiuYA+Z/20=
golang.org/x/net v0.0.0-20211108170745-6635138e15ea h1:FosBMXtOc8Tp9Hbo4ltl1WJSrTVewZU8MPnTPY2HdH8=
golang.org/x/net v0.0.0-20211108170745-6635138e15ea/go.mod h1:9nx3DQGgdP8bBQD5qxJ1jj9UTztislL4KSBs9R2vV5Y=
